
Microsoft Visual Studio Solution File, Format Version 12.00
Project("{FAE04EC0-301F-11D3-BF4B-00C04F79EFBC}") = "ImageConverter", "ImageConverter.csproj", "{CCEA8FA8-7B5E-4017-B4B7-978B1BEA0170}"
EndProject
Global
	GlobalSection(SolutionConfigurationPlatforms) = preSolution
		Debug|Any CPU = Debug|Any CPU
		Release|Any CPU = Release|Any CPU
	EndGlobalSection
	GlobalSection(ProjectConfigurationPlatforms) = postSolution
		{CCEA8FA8-7B5E-4017-B4B7-978B1BEA0170}.Debug|Any CPU.ActiveCfg = Debug|Any CPU
		{CCEA8FA8-7B5E-4017-B4B7-978B1BEA0170}.Debug|Any CPU.Build.0 = Debug|Any CPU
		{CCEA8FA8-7B5E-4017-B4B7-978B1BEA0170}.Release|Any CPU.ActiveCfg = Release|Any CPU
		{CCEA8FA8-7B5E-4017-B4B7-978B1BEA0170}.Release|Any CPU.Build.0 = Release|Any CPU
	EndGlobalSection
EndGlobal
